
Microsoft Visual Studio Solution File, Format Version 12.00
# Visual Studio Version 17
VisualStudioVersion = 17.8.34330.188
MinimumVisualStudioVersion = 10.0.40219.1
Project("{FAE04EC0-301F-11D3-BF4B-00C04F79EFBC}") = "ExFibonacci", "ExFibonacci\ExFibonacci.csproj", "{D13FCFD4-46FE-4826-A383-948C0C42BCA7}"
EndProject
Global
	GlobalSection(SolutionConfigurationPlatforms) = preSolution
		Debug|Any CPU = Debug|Any CPU
		Release|Any CPU = Release|Any CPU
	EndGlobalSection
	GlobalSection(ProjectConfigurationPlatforms) = postSolution
		{D13FCFD4-46FE-4826-A383-948C0C42BCA7}.Debug|Any CPU.ActiveCfg = Debug|Any CPU
		{D13FCFD4-46FE-4826-A383-948C0C42BCA7}.Debug|Any CPU.Build.0 = Debug|Any CPU
		{D13FCFD4-46FE-4826-A383-948C0C42BCA7}.Release|Any CPU.ActiveCfg = Release|Any CPU
		{D13FCFD4-46FE-4826-A383-948C0C42BCA7}.Release|Any CPU.Build.0 = Release|Any CPU
	EndGlobalSection
	GlobalSection(SolutionProperties) = preSolution
		HideSolutionNode = FALSE
	EndGlobalSection
	GlobalSection(ExtensibilityGlobals) = postSolution
		SolutionGuid = {B3C4D2F9-33DC-4EBF-BA90-B39CC4E82F86}
	EndGlobalSection
EndGlobal
